
Microsoft Visual Studio Solution File, Format Version 12.00
# Visual Studio Version 16
VisualStudioVersion = 16.0.30413.136
MinimumVisualStudioVersion = 10.0.40219.1
Project("{FAE04EC0-301F-11D3-BF4B-00C04F79EFBC}") = "BetterReviews", "BetterReviews.csproj", "{C75E71F4-2C0E-41E2-814D-6D088ED7EAB0}"
EndProject
Global
	GlobalSection(SolutionConfigurationPlatforms) = preSolution
		Debug|Any CPU = Debug|Any CPU
		Release|Any CPU = Release|Any CPU
	EndGlobalSection
	GlobalSection(ProjectConfigurationPlatforms) = postSolution
		{C75E71F4-2C0E-41E2-814D-6D088ED7EAB0}.Debug|Any CPU.ActiveCfg = Debug|Any CPU
		{C75E71F4-2C0E-41E2-814D-6D088ED7EAB0}.Debug|Any CPU.Build.0 = Debug|Any CPU
		{C75E71F4-2C0E-41E2-814D-6D088ED7EAB0}.Release|Any CPU.ActiveCfg = Release|Any CPU
		{C75E71F4-2C0E-41E2-814D-6D088ED7EAB0}.Release|Any CPU.Build.0 = Release|Any CPU
	EndGlobalSection
	GlobalSection(SolutionProperties) = preSolution
		HideSolutionNode = FALSE
	EndGlobalSection
	GlobalSection(ExtensibilityGlobals) = postSolution
		SolutionGuid = {62CD34B8-D3D1-4A6C-A403-EF81C9B66B47}
	EndGlobalSection
EndGlobal
